
Microsoft Visual Studio Solution File, Format Version 12.00
# Visual Studio Version 18
VisualStudioVersion = 18.3.11520.95
MinimumVisualStudioVersion = 10.0.40219.1
Project("{FAE04EC0-301F-11D3-BF4B-00C04F79EFBC}") = "App", "UI\App\App.csproj", "{331B7549-D876-C07D-194E-163C52F42376}"
EndProject
Project("{2150E333-8FDC-42A3-9474-1A3956D46DE8}") = "UI", "UI", "{02EA681E-C7D8-13C7-8484-4AC65E1B71E8}"
EndProject
Project("{FAE04EC0-301F-11D3-BF4B-00C04F79EFBC}") = "AppWinOnly", "UI\App\AppWinOnly.csproj", "{C44FCF62-3273-F66D-4258-1B441A65EBD2}"
EndProject
Project("{FAE04EC0-301F-11D3-BF4B-00C04F79EFBC}") = "AppAndroidOnly", "UI\App\AppAndroidOnly.csproj", "{A1A74DB2-2BA6-61FE-9515-B23CF1477C64}"
EndProject
Project("{2150E333-8FDC-42A3-9474-1A3956D46DE8}") = "Core", "Core", "{AB30B351-8BDA-4175-970F-B6CCEBEA8870}"
EndProject
Project("{FAE04EC0-301F-11D3-BF4B-00C04F79EFBC}") = "GT4.Core.Project", "Core\Project\GT4.Core.Project.csproj", "{37D1B043-170E-F28C-15B6-63615A0F834D}"
EndProject
Project("{FAE04EC0-301F-11D3-BF4B-00C04F79EFBC}") = "GT4.Core.Utils", "Core\Utils\GT4.Core.Utils.csproj", "{2D349BED-ECED-B696-B8EE-31C1B40E71BA}"
EndProject
Project("{FAE04EC0-301F-11D3-BF4B-00C04F79EFBC}") = "GT4.UI.Resources", "UI\Resources\GT4.UI.Resources.csproj", "{F06493FC-2EEC-4790-983E-60B3743B37B8}"
EndProject
Project("{FAE04EC0-301F-11D3-BF4B-00C04F79EFBC}") = "GT4.Core.Project.Tests", "Tests\GT4.Core.Project.Tests\GT4.Core.Project.Tests.csproj", "{8619A3A0-4265-F8A1-4A6A-0A2A49C1E795}"
EndProject
Project("{2150E333-8FDC-42A3-9474-1A3956D46DE8}") = "Tests", "Tests", "{F23DDE06-8EB2-4853-B881-0A3F0CC788FF}"
EndProject
Project("{FAE04EC0-301F-11D3-BF4B-00C04F79EFBC}") = "GT4.UI.Utils", "UI\Utils\GT4.UI.Utils.csproj", "{91C8E214-04B3-948D-5DBA-894EDF21A90F}"
EndProject
Project("{FAE04EC0-301F-11D3-BF4B-00C04F79EFBC}") = "GT4.UI.Utils.Tests", "Tests\GT4.UI.Utils.Tests\GT4.UI.Utils.Tests.csproj", "{9BD55B48-2865-FADC-9A71-711374AD5842}"
EndProject
Project("{FAE04EC0-301F-11D3-BF4B-00C04F79EFBC}") = "GT4.UI.View.Tests", "Tests\GT4.UI.View.Tests\GT4.UI.View.Tests.csproj", "{324BEC28-0752-40A4-982B-D522EFD1780D}"
EndProject
Project("{FAE04EC0-301F-11D3-BF4B-00C04F79EFBC}") = "GT4.Core.Gedcom", "Core\Gedcom\GT4.Core.Gedcom.csproj", "{BCD29188-4146-4420-933A-C2C7B1102461}"
EndProject
Project("{FAE04EC0-301F-11D3-BF4B-00C04F79EFBC}") = "GT4.Core.Gedcom.Tests", "Tests\GT4.Core.Gedcom.Tests\GT4.Core.Gedcom.Tests.csproj", "{95F2938E-A185-4AEF-9EEE-FDB9AE26999A}"
EndProject
Project("{FAE04EC0-301F-11D3-BF4B-00C04F79EFBC}") = "GT4.UI.App.DeviceTests", "Tests\GT4.UI.App.DeviceTests\GT4.UI.App.DeviceTests.csproj", "{07E113C9-5CD7-43B2-BA10-248D35BCF5C9}"
EndProject
Project("{FAE04EC0-301F-11D3-BF4B-00C04F79EFBC}") = "GT4.Tools.RelativesCli", "Tools\GT4.Tools.RelativesCli\GT4.Tools.RelativesCli.csproj", "{BD35B681-30F8-7045-5467-3B2F88908EF3}"
EndProject
Project("{2150E333-8FDC-42A3-9474-1A3956D46DE8}") = "Tools", "Tools", "{2C45F3B0-27B2-4593-B85C-7406FA85C87A}"
EndProject
Project("{2150E333-8FDC-42A3-9474-1A3956D46DE8}") = "App", "App", "{E41FCB20-D1C1-D51D-3C51-2513C9D80812}"
EndProject
Project("{FAE04EC0-301F-11D3-BF4B-00C04F79EFBC}") = "AppAndroidLib", "UI\App\AppAndroidLib.csproj", "{1CDCA8C1-3B08-466A-91F6-0A10C7445031}"
EndProject
Project("{2150E333-8FDC-42A3-9474-1A3956D46DE8}") = "Resources", "Resources", "{2153D077-D1B6-9495-42E4-37F8CF70107D}"
EndProject
Project("{2150E333-8FDC-42A3-9474-1A3956D46DE8}") = "Utils", "Utils", "{17E65910-0C07-2868-4DF3-A7C0A268C4EB}"
EndProject
Project("{2150E333-8FDC-42A3-9474-1A3956D46DE8}") = "Utils", "Utils", "{3CE0513F-B984-2DD6-3E3D-EC6320122E7D}"
EndProject
Project("{2150E333-8FDC-42A3-9474-1A3956D46DE8}") = "Project", "Project", "{F6BE7371-1860-AF1A-239E-C9203FFAC0E9}"
EndProject
Project("{2150E333-8FDC-42A3-9474-1A3956D46DE8}") = "Gedcom", "Gedcom", "{9ACACAB8-0A73-7468-1048-7F9A30E1DA8D}"
EndProject
Global
	GlobalSection(SolutionConfigurationPlatforms) = preSolution
		Debug|Any CPU = Debug|Any CPU
		Debug|x64 = Debug|x64
		Debug|x86 = Debug|x86
		Release|Any CPU = Release|Any CPU
		Release|x64 = Release|x64
		Release|x86 = Release|x86
	EndGlobalSection
	GlobalSection(ProjectConfigurationPlatforms) = postSolution
		{331B7549-D876-C07D-194E-163C52F42376}.Debug|Any CPU.ActiveCfg = Debug|Any CPU
		{331B7549-D876-C07D-194E-163C52F42376}.Debug|Any CPU.Build.0 = Debug|Any CPU
		{331B7549-D876-C07D-194E-163C52F42376}.Debug|Any CPU.Deploy.0 = Debug|Any CPU
		{331B7549-D876-C07D-194E-163C52F42376}.Debug|x64.ActiveCfg = Debug|Any CPU
		{331B7549-D876-C07D-194E-163C52F42376}.Debug|x64.Build.0 = Debug|Any CPU
		{331B7549-D876-C07D-194E-163C52F42376}.Debug|x86.ActiveCfg = Debug|Any CPU
		{331B7549-D876-C07D-194E-163C52F42376}.Debug|x86.Build.0 = Debug|Any CPU
		{331B7549-D876-C07D-194E-163C52F42376}.Release|Any CPU.ActiveCfg = Release|Any CPU
		{331B7549-D876-C07D-194E-163C52F42376}.Release|Any CPU.Build.0 = Release|Any CPU
		{331B7549-D876-C07D-194E-163C52F42376}.Release|Any CPU.Deploy.0 = Release|Any CPU
		{331B7549-D876-C07D-194E-163C52F42376}.Release|x64.ActiveCfg = Release|Any CPU
		{331B7549-D876-C07D-194E-163C52F42376}.Release|x64.Build.0 = Release|Any CPU
		{331B7549-D876-C07D-194E-163C52F42376}.Release|x86.ActiveCfg = Release|Any CPU
		{331B7549-D876-C07D-194E-163C52F42376}.Release|x86.Build.0 = Release|Any CPU
		{C44FCF62-3273-F66D-4258-1B441A65EBD2}.Debug|Any CPU.ActiveCfg = Debug|Any CPU
		{C44FCF62-3273-F66D-4258-1B441A65EBD2}.Debug|Any CPU.Build.0 = Debug|Any CPU
		{C44FCF62-3273-F66D-4258-1B441A65EBD2}.Debug|Any CPU.Deploy.0 = Debug|Any CPU
		{C44FCF62-3273-F66D-4258-1B441A65EBD2}.Debug|x64.ActiveCfg = Debug|Any CPU
		{C44FCF62-3273-F66D-4258-1B441A65EBD2}.Debug|x64.Build.0 = Debug|Any CPU
		{C44FCF62-3273-F66D-4258-1B441A65EBD2}.Debug|x86.ActiveCfg = Debug|Any CPU
		{C44FCF62-3273-F66D-4258-1B441A65EBD2}.Debug|x86.Build.0 = Debug|Any CPU
		{C44FCF62-3273-F66D-4258-1B441A65EBD2}.Release|Any CPU.ActiveCfg = Release|Any CPU
		{C44FCF62-3273-F66D-4258-1B441A65EBD2}.Release|Any CPU.Build.0 = Release|Any CPU
		{C44FCF62-3273-F66D-4258-1B441A65EBD2}.Release|Any CPU.Deploy.0 = Release|Any CPU
		{C44FCF62-3273-F66D-4258-1B441A65EBD2}.Release|x64.ActiveCfg = Release|Any CPU
		{C44FCF62-3273-F66D-4258-1B441A65EBD2}.Release|x64.Build.0 = Release|Any CPU
		{C44FCF62-3273-F66D-4258-1B441A65EBD2}.Release|x86.ActiveCfg = Release|Any CPU
		{C44FCF62-3273-F66D-4258-1B441A65EBD2}.Release|x86.Build.0 = Release|Any CPU
		{A1A74DB2-2BA6-61FE-9515-B23CF1477C64}.Debug|Any CPU.ActiveCfg = Debug|Any CPU
		{A1A74DB2-2BA6-61FE-9515-B23CF1477C64}.Debug|Any CPU.Build.0 = Debug|Any CPU
		{A1A74DB2-2BA6-61FE-9515-B23CF1477C64}.Debug|Any CPU.Deploy.0 = Debug|Any CPU
		{A1A74DB2-2BA6-61FE-9515-B23CF1477C64}.Debug|x64.ActiveCfg = Debug|Any CPU
		{A1A74DB2-2BA6-61FE-9515-B23CF1477C64}.Debug|x64.Build.0 = Debug|Any CPU
		{A1A74DB2-2BA6-61FE-9515-B23CF1477C64}.Debug|x86.ActiveCfg = Debug|Any CPU
		{A1A74DB2-2BA6-61FE-9515-B23CF1477C64}.Debug|x86.Build.0 = Debug|Any CPU
		{A1A74DB2-2BA6-61FE-9515-B23CF1477C64}.Release|Any CPU.ActiveCfg = Release|Any CPU
		{A1A74DB2-2BA6-61FE-9515-B23CF1477C64}.Release|Any CPU.Build.0 = Release|Any CPU
		{A1A74DB2-2BA6-61FE-9515-B23CF1477C64}.Release|Any CPU.Deploy.0 = Release|Any CPU
		{A1A74DB2-2BA6-61FE-9515-B23CF1477C64}.Release|x64.ActiveCfg = Release|Any CPU
		{A1A74DB2-2BA6-61FE-9515-B23CF1477C64}.Release|x64.Build.0 = Release|Any CPU
		{A1A74DB2-2BA6-61FE-9515-B23CF1477C64}.Release|x86.ActiveCfg = Release|Any CPU
		{A1A74DB2-2BA6-61FE-9515-B23CF1477C64}.Release|x86.Build.0 = Release|Any CPU
		{37D1B043-170E-F28C-15B6-63615A0F834D}.Debug|Any CPU.ActiveCfg = Debug|Any CPU
		{37D1B043-170E-F28C-15B6-63615A0F834D}.Debug|Any CPU.Build.0 = Debug|Any CPU
		{37D1B043-170E-F28C-15B6-63615A0F834D}.Debug|x64.ActiveCfg = Debug|Any CPU
		{37D1B043-170E-F28C-15B6-63615A0F834D}.Debug|x64.Build.0 = Debug|Any CPU
		{37D1B043-170E-F28C-15B6-63615A0F834D}.Debug|x86.ActiveCfg = Debug|Any CPU
		{37D1B043-170E-F28C-15B6-63615A0F834D}.Debug|x86.Build.0 = Debug|Any CPU
		{37D1B043-170E-F28C-15B6-63615A0F834D}.Release|Any CPU.ActiveCfg = Release|Any CPU
		{37D1B043-170E-F28C-15B6-63615A0F834D}.Release|Any CPU.Build.0 = Release|Any CPU
		{37D1B043-170E-F28C-15B6-63615A0F834D}.Release|x64.ActiveCfg = Release|Any CPU
		{37D1B043-170E-F28C-15B6-63615A0F834D}.Release|x64.Build.0 = Release|Any CPU
		{37D1B043-170E-F28C-15B6-63615A0F834D}.Release|x86.ActiveCfg = Release|Any CPU
		{37D1B043-170E-F28C-15B6-63615A0F834D}.Release|x86.Build.0 = Release|Any CPU
		{2D349BED-ECED-B696-B8EE-31C1B40E71BA}.Debug|Any CPU.ActiveCfg = Debug|Any CPU
		{2D349BED-ECED-B696-B8EE-31C1B40E71BA}.Debug|Any CPU.Build.0 = Debug|Any CPU
		{2D349BED-ECED-B696-B8EE-31C1B40E71BA}.Debug|x64.ActiveCfg = Debug|Any CPU
		{2D349BED-ECED-B696-B8EE-31C1B40E71BA}.Debug|x64.Build.0 = Debug|Any CPU
		{2D349BED-ECED-B696-B8EE-31C1B40E71BA}.Debug|x86.ActiveCfg = Debug|Any CPU
		{2D349BED-ECED-B696-B8EE-31C1B40E71BA}.Debug|x86.Build.0 = Debug|Any CPU
		{2D349BED-ECED-B696-B8EE-31C1B40E71BA}.Release|Any CPU.ActiveCfg = Release|Any CPU
		{2D349BED-ECED-B696-B8EE-31C1B40E71BA}.Release|Any CPU.Build.0 = Release|Any CPU
		{2D349BED-ECED-B696-B8EE-31C1B40E71BA}.Release|x64.ActiveCfg = Release|Any CPU
		{2D349BED-ECED-B696-B8EE-31C1B40E71BA}.Release|x64.Build.0 = Release|Any CPU
		{2D349BED-ECED-B696-B8EE-31C1B40E71BA}.Release|x86.ActiveCfg = Release|Any CPU
		{2D349BED-ECED-B696-B8EE-31C1B40E71BA}.Release|x86.Build.0 = Release|Any CPU
		{F06493FC-2EEC-4790-983E-60B3743B37B8}.Debug|Any CPU.ActiveCfg = Debug|Any CPU
		{F06493FC-2EEC-4790-983E-60B3743B37B8}.Debug|Any CPU.Build.0 = Debug|Any CPU
		{F06493FC-2EEC-4790-983E-60B3743B37B8}.Debug|x64.ActiveCfg = Debug|Any CPU
		{F06493FC-2EEC-4790-983E-60B3743B37B8}.Debug|x64.Build.0 = Debug|Any CPU
		{F06493FC-2EEC-4790-983E-60B3743B37B8}.Debug|x86.ActiveCfg = Debug|Any CPU
		{F06493FC-2EEC-4790-983E-60B3743B37B8}.Debug|x86.Build.0 = Debug|Any CPU
		{F06493FC-2EEC-4790-983E-60B3743B37B8}.Release|Any CPU.ActiveCfg = Release|Any CPU
		{F06493FC-2EEC-4790-983E-60B3743B37B8}.Release|Any CPU.Build.0 = Release|Any CPU
		{F06493FC-2EEC-4790-983E-60B3743B37B8}.Release|x64.ActiveCfg = Release|Any CPU
		{F06493FC-2EEC-4790-983E-60B3743B37B8}.Release|x64.Build.0 = Release|Any CPU
		{F06493FC-2EEC-4790-983E-60B3743B37B8}.Release|x86.ActiveCfg = Release|Any CPU
		{F06493FC-2EEC-4790-983E-60B3743B37B8}.Release|x86.Build.0 = Release|Any CPU
		{8619A3A0-4265-F8A1-4A6A-0A2A49C1E795}.Debug|Any CPU.ActiveCfg = Debug|Any CPU
		{8619A3A0-4265-F8A1-4A6A-0A2A49C1E795}.Debug|Any CPU.Build.0 = Debug|Any CPU
		{8619A3A0-4265-F8A1-4A6A-0A2A49C1E795}.Debug|x64.ActiveCfg = Debug|Any CPU
		{8619A3A0-4265-F8A1-4A6A-0A2A49C1E795}.Debug|x64.Build.0 = Debug|Any CPU
		{8619A3A0-4265-F8A1-4A6A-0A2A49C1E795}.Debug|x86.ActiveCfg = Debug|Any CPU
		{8619A3A0-4265-F8A1-4A6A-0A2A49C1E795}.Debug|x86.Build.0 = Debug|Any CPU
		{8619A3A0-4265-F8A1-4A6A-0A2A49C1E795}.Release|Any CPU.ActiveCfg = Release|Any CPU
		{8619A3A0-4265-F8A1-4A6A-0A2A49C1E795}.Release|Any CPU.Build.0 = Release|Any CPU
		{8619A3A0-4265-F8A1-4A6A-0A2A49C1E795}.Release|x64.ActiveCfg = Release|Any CPU
		{8619A3A0-4265-F8A1-4A6A-0A2A49C1E795}.Release|x64.Build.0 = Release|Any CPU
		{8619A3A0-4265-F8A1-4A6A-0A2A49C1E795}.Release|x86.ActiveCfg = Release|Any CPU
		{8619A3A0-4265-F8A1-4A6A-0A2A49C1E795}.Release|x86.Build.0 = Release|Any CPU
		{91C8E214-04B3-948D-5DBA-894EDF21A90F}.Debug|Any CPU.ActiveCfg = Debug|Any CPU
		{91C8E214-04B3-948D-5DBA-894EDF21A90F}.Debug|Any CPU.Build.0 = Debug|Any CPU
		{91C8E214-04B3-948D-5DBA-894EDF21A90F}.Debug|x64.ActiveCfg = Debug|Any CPU
		{91C8E214-04B3-948D-5DBA-894EDF21A90F}.Debug|x64.Build.0 = Debug|Any CPU
		{91C8E214-04B3-948D-5DBA-894EDF21A90F}.Debug|x86.ActiveCfg = Debug|Any CPU
		{91C8E214-04B3-948D-5DBA-894EDF21A90F}.Debug|x86.Build.0 = Debug|Any CPU
		{91C8E214-04B3-948D-5DBA-894EDF21A90F}.Release|Any CPU.ActiveCfg = Release|Any CPU
		{91C8E214-04B3-948D-5DBA-894EDF21A90F}.Release|Any CPU.Build.0 = Release|Any CPU
		{91C8E214-04B3-948D-5DBA-894EDF21A90F}.Release|x64.ActiveCfg = Release|Any CPU
		{91C8E214-04B3-948D-5DBA-894EDF21A90F}.Release|x64.Build.0 = Release|Any CPU
		{91C8E214-04B3-948D-5DBA-894EDF21A90F}.Release|x86.ActiveCfg = Release|Any CPU
		{91C8E214-04B3-948D-5DBA-894EDF21A90F}.Release|x86.Build.0 = Release|Any CPU
		{9BD55B48-2865-FADC-9A71-711374AD5842}.Debug|Any CPU.ActiveCfg = Debug|Any CPU
		{9BD55B48-2865-FADC-9A71-711374AD5842}.Debug|Any CPU.Build.0 = Debug|Any CPU
		{9BD55B48-2865-FADC-9A71-711374AD5842}.Debug|x64.ActiveCfg = Debug|Any CPU
		{9BD55B48-2865-FADC-9A71-711374AD5842}.Debug|x64.Build.0 = Debug|Any CPU
		{9BD55B48-2865-FADC-9A71-711374AD5842}.Debug|x86.ActiveCfg = Debug|Any CPU
		{9BD55B48-2865-FADC-9A71-711374AD5842}.Debug|x86.Build.0 = Debug|Any CPU
		{9BD55B48-2865-FADC-9A71-711374AD5842}.Release|Any CPU.ActiveCfg = Release|Any CPU
		{9BD55B48-2865-FADC-9A71-711374AD5842}.Release|Any CPU.Build.0 = Release|Any CPU
		{9BD55B48-2865-FADC-9A71-711374AD5842}.Release|x64.ActiveCfg = Release|Any CPU
		{9BD55B48-2865-FADC-9A71-711374AD5842}.Release|x64.Build.0 = Release|Any CPU
		{9BD55B48-2865-FADC-9A71-711374AD5842}.Release|x86.ActiveCfg = Release|Any CPU
		{9BD55B48-2865-FADC-9A71-711374AD5842}.Release|x86.Build.0 = Release|Any CPU
		{324BEC28-0752-40A4-982B-D522EFD1780D}.Debug|Any CPU.ActiveCfg = Debug|Any CPU
		{324BEC28-0752-40A4-982B-D522EFD1780D}.Debug|Any CPU.Build.0 = Debug|Any CPU
		{324BEC28-0752-40A4-982B-D522EFD1780D}.Debug|x64.ActiveCfg = Debug|Any CPU
		{324BEC28-0752-40A4-982B-D522EFD1780D}.Debug|x64.Build.0 = Debug|Any CPU
		{324BEC28-0752-40A4-982B-D522EFD1780D}.Debug|x86.ActiveCfg = Debug|Any CPU
		{324BEC28-0752-40A4-982B-D522EFD1780D}.Debug|x86.Build.0 = Debug|Any CPU
		{324BEC28-0752-40A4-982B-D522EFD1780D}.Release|Any CPU.ActiveCfg = Release|Any CPU
		{324BEC28-0752-40A4-982B-D522EFD1780D}.Release|Any CPU.Build.0 = Release|Any CPU
		{324BEC28-0752-40A4-982B-D522EFD1780D}.Release|x64.ActiveCfg = Release|Any CPU
		{324BEC28-0752-40A4-982B-D522EFD1780D}.Release|x64.Build.0 = Release|Any CPU
		{324BEC28-0752-40A4-982B-D522EFD1780D}.Release|x86.ActiveCfg = Release|Any CPU
		{324BEC28-0752-40A4-982B-D522EFD1780D}.Release|x86.Build.0 = Release|Any CPU
		{BCD29188-4146-4420-933A-C2C7B1102461}.Debug|Any CPU.ActiveCfg = Debug|Any CPU
		{BCD29188-4146-4420-933A-C2C7B1102461}.Debug|Any CPU.Build.0 = Debug|Any CPU
		{BCD29188-4146-4420-933A-C2C7B1102461}.Debug|x64.ActiveCfg = Debug|Any CPU
		{BCD29188-4146-4420-933A-C2C7B1102461}.Debug|x64.Build.0 = Debug|Any CPU
		{BCD29188-4146-4420-933A-C2C7B1102461}.Debug|x86.ActiveCfg = Debug|Any CPU
		{BCD29188-4146-4420-933A-C2C7B1102461}.Debug|x86.Build.0 = Debug|Any CPU
		{BCD29188-4146-4420-933A-C2C7B1102461}.Release|Any CPU.ActiveCfg = Release|Any CPU
		{BCD29188-4146-4420-933A-C2C7B1102461}.Release|Any CPU.Build.0 = Release|Any CPU
		{BCD29188-4146-4420-933A-C2C7B1102461}.Release|x64.ActiveCfg = Release|Any CPU
		{BCD29188-4146-4420-933A-C2C7B1102461}.Release|x64.Build.0 = Release|Any CPU
		{BCD29188-4146-4420-933A-C2C7B1102461}.Release|x86.ActiveCfg = Release|Any CPU
		{BCD29188-4146-4420-933A-C2C7B1102461}.Release|x86.Build.0 = Release|Any CPU
		{95F2938E-A185-4AEF-9EEE-FDB9AE26999A}.Debug|Any CPU.ActiveCfg = Debug|Any CPU
		{95F2938E-A185-4AEF-9EEE-FDB9AE26999A}.Debug|Any CPU.Build.0 = Debug|Any CPU
		{95F2938E-A185-4AEF-9EEE-FDB9AE26999A}.Debug|x64.ActiveCfg = Debug|Any CPU
		{95F2938E-A185-4AEF-9EEE-FDB9AE26999A}.Debug|x64.Build.0 = Debug|Any CPU
		{95F2938E-A185-4AEF-9EEE-FDB9AE26999A}.Debug|x86.ActiveCfg = Debug|Any CPU
		{95F2938E-A185-4AEF-9EEE-FDB9AE26999A}.Debug|x86.Build.0 = Debug|Any CPU
		{95F2938E-A185-4AEF-9EEE-FDB9AE26999A}.Release|Any CPU.ActiveCfg = Release|Any CPU
		{95F2938E-A185-4AEF-9EEE-FDB9AE26999A}.Release|Any CPU.Build.0 = Release|Any CPU
		{95F2938E-A185-4AEF-9EEE-FDB9AE26999A}.Release|x64.ActiveCfg = Release|Any CPU
		{95F2938E-A185-4AEF-9EEE-FDB9AE26999A}.Release|x64.Build.0 = Release|Any CPU
		{95F2938E-A185-4AEF-9EEE-FDB9AE26999A}.Release|x86.ActiveCfg = Release|Any CPU
		{95F2938E-A185-4AEF-9EEE-FDB9AE26999A}.Release|x86.Build.0 = Release|Any CPU
		{07E113C9-5CD7-43B2-BA10-248D35BCF5C9}.Debug|Any CPU.ActiveCfg = Debug|Any CPU
		{07E113C9-5CD7-43B2-BA10-248D35BCF5C9}.Debug|Any CPU.Build.0 = Debug|Any CPU
		{07E113C9-5CD7-43B2-BA10-248D35BCF5C9}.Debug|x64.ActiveCfg = Debug|Any CPU
		{07E113C9-5CD7-43B2-BA10-248D35BCF5C9}.Debug|x64.Build.0 = Debug|Any CPU
		{07E113C9-5CD7-43B2-BA10-248D35BCF5C9}.Debug|x86.ActiveCfg = Debug|Any CPU
		{07E113C9-5CD7-43B2-BA10-248D35BCF5C9}.Debug|x86.Build.0 = Debug|Any CPU
		{07E113C9-5CD7-43B2-BA10-248D35BCF5C9}.Release|Any CPU.ActiveCfg = Release|Any CPU
		{07E113C9-5CD7-43B2-BA10-248D35BCF5C9}.Release|Any CPU.Build.0 = Release|Any CPU
		{07E113C9-5CD7-43B2-BA10-248D35BCF5C9}.Release|x64.ActiveCfg = Release|Any CPU
		{07E113C9-5CD7-43B2-BA10-248D35BCF5C9}.Release|x64.Build.0 = Release|Any CPU
		{07E113C9-5CD7-43B2-BA10-248D35BCF5C9}.Release|x86.ActiveCfg = Release|Any CPU
		{07E113C9-5CD7-43B2-BA10-248D35BCF5C9}.Release|x86.Build.0 = Release|Any CPU
		{BD35B681-30F8-7045-5467-3B2F88908EF3}.Debug|Any CPU.ActiveCfg = Debug|Any CPU
		{BD35B681-30F8-7045-5467-3B2F88908EF3}.Debug|Any CPU.Build.0 = Debug|Any CPU
		{BD35B681-30F8-7045-5467-3B2F88908EF3}.Debug|x64.ActiveCfg = Debug|Any CPU
		{BD35B681-30F8-7045-5467-3B2F88908EF3}.Debug|x64.Build.0 = Debug|Any CPU
		{BD35B681-30F8-7045-5467-3B2F88908EF3}.Debug|x86.ActiveCfg = Debug|Any CPU
		{BD35B681-30F8-7045-5467-3B2F88908EF3}.Debug|x86.Build.0 = Debug|Any CPU
		{BD35B681-30F8-7045-5467-3B2F88908EF3}.Release|Any CPU.ActiveCfg = Release|Any CPU
		{BD35B681-30F8-7045-5467-3B2F88908EF3}.Release|Any CPU.Build.0 = Release|Any CPU
		{BD35B681-30F8-7045-5467-3B2F88908EF3}.Release|x64.ActiveCfg = Release|Any CPU
		{BD35B681-30F8-7045-5467-3B2F88908EF3}.Release|x64.Build.0 = Release|Any CPU
		{BD35B681-30F8-7045-5467-3B2F88908EF3}.Release|x86.ActiveCfg = Release|Any CPU
		{BD35B681-30F8-7045-5467-3B2F88908EF3}.Release|x86.Build.0 = Release|Any CPU
		{1CDCA8C1-3B08-466A-91F6-0A10C7445031}.Debug|Any CPU.ActiveCfg = Debug|Any CPU
		{1CDCA8C1-3B08-466A-91F6-0A10C7445031}.Debug|Any CPU.Build.0 = Debug|Any CPU
		{1CDCA8C1-3B08-466A-91F6-0A10C7445031}.Debug|x64.ActiveCfg = Debug|Any CPU
		{1CDCA8C1-3B08-466A-91F6-0A10C7445031}.Debug|x64.Build.0 = Debug|Any CPU
		{1CDCA8C1-3B08-466A-91F6-0A10C7445031}.Debug|x86.ActiveCfg = Debug|Any CPU
		{1CDCA8C1-3B08-466A-91F6-0A10C7445031}.Debug|x86.Build.0 = Debug|Any CPU
		{1CDCA8C1-3B08-466A-91F6-0A10C7445031}.Release|Any CPU.ActiveCfg = Release|Any CPU
		{1CDCA8C1-3B08-466A-91F6-0A10C7445031}.Release|Any CPU.Build.0 = Release|Any CPU
		{1CDCA8C1-3B08-466A-91F6-0A10C7445031}.Release|x64.ActiveCfg = Release|Any CPU
		{1CDCA8C1-3B08-466A-91F6-0A10C7445031}.Release|x64.Build.0 = Release|Any CPU
		{1CDCA8C1-3B08-466A-91F6-0A10C7445031}.Release|x86.ActiveCfg = Release|Any CPU
		{1CDCA8C1-3B08-466A-91F6-0A10C7445031}.Release|x86.Build.0 = Release|Any CPU
	EndGlobalSection
	GlobalSection(SolutionProperties) = preSolution
		HideSolutionNode = FALSE
	EndGlobalSection
	GlobalSection(NestedProjects) = preSolution
		{331B7549-D876-C07D-194E-163C52F42376} = {02EA681E-C7D8-13C7-8484-4AC65E1B71E8}
		{C44FCF62-3273-F66D-4258-1B441A65EBD2} = {02EA681E-C7D8-13C7-8484-4AC65E1B71E8}
		{A1A74DB2-2BA6-61FE-9515-B23CF1477C64} = {02EA681E-C7D8-13C7-8484-4AC65E1B71E8}
		{37D1B043-170E-F28C-15B6-63615A0F834D} = {AB30B351-8BDA-4175-970F-B6CCEBEA8870}
		{2D349BED-ECED-B696-B8EE-31C1B40E71BA} = {AB30B351-8BDA-4175-970F-B6CCEBEA8870}
		{F06493FC-2EEC-4790-983E-60B3743B37B8} = {02EA681E-C7D8-13C7-8484-4AC65E1B71E8}
		{8619A3A0-4265-F8A1-4A6A-0A2A49C1E795} = {F23DDE06-8EB2-4853-B881-0A3F0CC788FF}
		{91C8E214-04B3-948D-5DBA-894EDF21A90F} = {02EA681E-C7D8-13C7-8484-4AC65E1B71E8}
		{9BD55B48-2865-FADC-9A71-711374AD5842} = {F23DDE06-8EB2-4853-B881-0A3F0CC788FF}
		{324BEC28-0752-40A4-982B-D522EFD1780D} = {F23DDE06-8EB2-4853-B881-0A3F0CC788FF}
		{BCD29188-4146-4420-933A-C2C7B1102461} = {AB30B351-8BDA-4175-970F-B6CCEBEA8870}
		{95F2938E-A185-4AEF-9EEE-FDB9AE26999A} = {F23DDE06-8EB2-4853-B881-0A3F0CC788FF}
		{07E113C9-5CD7-43B2-BA10-248D35BCF5C9} = {F23DDE06-8EB2-4853-B881-0A3F0CC788FF}
		{BD35B681-30F8-7045-5467-3B2F88908EF3} = {2C45F3B0-27B2-4593-B85C-7406FA85C87A}
		{E41FCB20-D1C1-D51D-3C51-2513C9D80812} = {02EA681E-C7D8-13C7-8484-4AC65E1B71E8}
		{1CDCA8C1-3B08-466A-91F6-0A10C7445031} = {E41FCB20-D1C1-D51D-3C51-2513C9D80812}
		{2153D077-D1B6-9495-42E4-37F8CF70107D} = {02EA681E-C7D8-13C7-8484-4AC65E1B71E8}
		{17E65910-0C07-2868-4DF3-A7C0A268C4EB} = {02EA681E-C7D8-13C7-8484-4AC65E1B71E8}
		{3CE0513F-B984-2DD6-3E3D-EC6320122E7D} = {AB30B351-8BDA-4175-970F-B6CCEBEA8870}
		{F6BE7371-1860-AF1A-239E-C9203FFAC0E9} = {AB30B351-8BDA-4175-970F-B6CCEBEA8870}
		{9ACACAB8-0A73-7468-1048-7F9A30E1DA8D} = {AB30B351-8BDA-4175-970F-B6CCEBEA8870}
	EndGlobalSection
	GlobalSection(ExtensibilityGlobals) = postSolution
		SolutionGuid = {8C54C6B2-3760-4F0B-A163-CA52515D2575}
	EndGlobalSection
EndGlobal
