
Microsoft Visual Studio Solution File, Format Version 12.00
# Visual Studio Version 17
VisualStudioVersion = 17.14.36518.9
MinimumVisualStudioVersion = 10.0.40219.1
Project("{FAE04EC0-301F-11D3-BF4B-00C04F79EFBC}") = "App", "UI\App\App.csproj", "{331B7549-D876-C07D-194E-163C52F42376}"
EndProject
Project("{2150E333-8FDC-42A3-9474-1A3956D46DE8}") = "UI", "UI", "{02EA681E-C7D8-13C7-8484-4AC65E1B71E8}"
EndProject
Project("{FAE04EC0-301F-11D3-BF4B-00C04F79EFBC}") = "AppWinOnly", "UI\App\AppWinOnly.csproj", "{C44FCF62-3273-F66D-4258-1B441A65EBD2}"
EndProject
Project("{FAE04EC0-301F-11D3-BF4B-00C04F79EFBC}") = "AppAndroidOnly", "UI\App\AppAndroidOnly.csproj", "{A1A74DB2-2BA6-61FE-9515-B23CF1477C64}"
EndProject
Project("{2150E333-8FDC-42A3-9474-1A3956D46DE8}") = "Core", "Core", "{AB30B351-8BDA-4175-970F-B6CCEBEA8870}"
EndProject
Project("{FAE04EC0-301F-11D3-BF4B-00C04F79EFBC}") = "GT4.Core.Project", "Core\Project\GT4.Core.Project.csproj", "{37D1B043-170E-F28C-15B6-63615A0F834D}"
EndProject
Project("{FAE04EC0-301F-11D3-BF4B-00C04F79EFBC}") = "GT4.Core.Utils", "Core\Utils\GT4.Core.Utils.csproj", "{2D349BED-ECED-B696-B8EE-31C1B40E71BA}"
EndProject
Project("{FAE04EC0-301F-11D3-BF4B-00C04F79EFBC}") = "GT4.UI.Resources", "UI\Resources\GT4.UI.Resources.csproj", "{F06493FC-2EEC-4790-983E-60B3743B37B8}"
EndProject
Global
	GlobalSection(SolutionConfigurationPlatforms) = preSolution
		Debug|Any CPU = Debug|Any CPU
		Release|Any CPU = Release|Any CPU
	EndGlobalSection
	GlobalSection(ProjectConfigurationPlatforms) = postSolution
		{331B7549-D876-C07D-194E-163C52F42376}.Debug|Any CPU.ActiveCfg = Debug|Any CPU
		{331B7549-D876-C07D-194E-163C52F42376}.Debug|Any CPU.Build.0 = Debug|Any CPU
		{331B7549-D876-C07D-194E-163C52F42376}.Debug|Any CPU.Deploy.0 = Debug|Any CPU
		{331B7549-D876-C07D-194E-163C52F42376}.Release|Any CPU.ActiveCfg = Release|Any CPU
		{331B7549-D876-C07D-194E-163C52F42376}.Release|Any CPU.Build.0 = Release|Any CPU
		{331B7549-D876-C07D-194E-163C52F42376}.Release|Any CPU.Deploy.0 = Release|Any CPU
		{C44FCF62-3273-F66D-4258-1B441A65EBD2}.Debug|Any CPU.ActiveCfg = Debug|Any CPU
		{C44FCF62-3273-F66D-4258-1B441A65EBD2}.Debug|Any CPU.Build.0 = Debug|Any CPU
		{C44FCF62-3273-F66D-4258-1B441A65EBD2}.Debug|Any CPU.Deploy.0 = Debug|Any CPU
		{C44FCF62-3273-F66D-4258-1B441A65EBD2}.Release|Any CPU.ActiveCfg = Release|Any CPU
		{C44FCF62-3273-F66D-4258-1B441A65EBD2}.Release|Any CPU.Build.0 = Release|Any CPU
		{C44FCF62-3273-F66D-4258-1B441A65EBD2}.Release|Any CPU.Deploy.0 = Release|Any CPU
		{A1A74DB2-2BA6-61FE-9515-B23CF1477C64}.Debug|Any CPU.ActiveCfg = Debug|Any CPU
		{A1A74DB2-2BA6-61FE-9515-B23CF1477C64}.Debug|Any CPU.Build.0 = Debug|Any CPU
		{A1A74DB2-2BA6-61FE-9515-B23CF1477C64}.Debug|Any CPU.Deploy.0 = Debug|Any CPU
		{A1A74DB2-2BA6-61FE-9515-B23CF1477C64}.Release|Any CPU.ActiveCfg = Release|Any CPU
		{A1A74DB2-2BA6-61FE-9515-B23CF1477C64}.Release|Any CPU.Build.0 = Release|Any CPU
		{A1A74DB2-2BA6-61FE-9515-B23CF1477C64}.Release|Any CPU.Deploy.0 = Release|Any CPU
		{37D1B043-170E-F28C-15B6-63615A0F834D}.Debug|Any CPU.ActiveCfg = Debug|Any CPU
		{37D1B043-170E-F28C-15B6-63615A0F834D}.Debug|Any CPU.Build.0 = Debug|Any CPU
		{37D1B043-170E-F28C-15B6-63615A0F834D}.Release|Any CPU.ActiveCfg = Release|Any CPU
		{37D1B043-170E-F28C-15B6-63615A0F834D}.Release|Any CPU.Build.0 = Release|Any CPU
		{2D349BED-ECED-B696-B8EE-31C1B40E71BA}.Debug|Any CPU.ActiveCfg = Debug|Any CPU
		{2D349BED-ECED-B696-B8EE-31C1B40E71BA}.Debug|Any CPU.Build.0 = Debug|Any CPU
		{2D349BED-ECED-B696-B8EE-31C1B40E71BA}.Release|Any CPU.ActiveCfg = Release|Any CPU
		{2D349BED-ECED-B696-B8EE-31C1B40E71BA}.Release|Any CPU.Build.0 = Release|Any CPU
		{F06493FC-2EEC-4790-983E-60B3743B37B8}.Debug|Any CPU.ActiveCfg = Debug|Any CPU
		{F06493FC-2EEC-4790-983E-60B3743B37B8}.Debug|Any CPU.Build.0 = Debug|Any CPU
		{F06493FC-2EEC-4790-983E-60B3743B37B8}.Release|Any CPU.ActiveCfg = Release|Any CPU
		{F06493FC-2EEC-4790-983E-60B3743B37B8}.Release|Any CPU.Build.0 = Release|Any CPU
	EndGlobalSection
	GlobalSection(SolutionProperties) = preSolution
		HideSolutionNode = FALSE
	EndGlobalSection
	GlobalSection(NestedProjects) = preSolution
		{331B7549-D876-C07D-194E-163C52F42376} = {02EA681E-C7D8-13C7-8484-4AC65E1B71E8}
		{C44FCF62-3273-F66D-4258-1B441A65EBD2} = {02EA681E-C7D8-13C7-8484-4AC65E1B71E8}
		{A1A74DB2-2BA6-61FE-9515-B23CF1477C64} = {02EA681E-C7D8-13C7-8484-4AC65E1B71E8}
		{37D1B043-170E-F28C-15B6-63615A0F834D} = {AB30B351-8BDA-4175-970F-B6CCEBEA8870}
		{2D349BED-ECED-B696-B8EE-31C1B40E71BA} = {AB30B351-8BDA-4175-970F-B6CCEBEA8870}
		{F06493FC-2EEC-4790-983E-60B3743B37B8} = {02EA681E-C7D8-13C7-8484-4AC65E1B71E8}
	EndGlobalSection
	GlobalSection(ExtensibilityGlobals) = postSolution
		SolutionGuid = {8C54C6B2-3760-4F0B-A163-CA52515D2575}
	EndGlobalSection
EndGlobal
